
Microsoft Visual Studio Solution File, Format Version 12.00
# Visual Studio Version 17
VisualStudioVersion = 17.5.002.0
MinimumVisualStudioVersion = 10.0.40219.1
Project("{9A19103F-16F7-4668-BE54-9A1E7A4F7556}") = "BankSystem", "BankSystem.csproj", "{5AA0C95E-F9A3-45A3-AEDF-4BE5B148D171}"
EndProject
Global
	GlobalSection(SolutionConfigurationPlatforms) = preSolution
		Debug|Any CPU = Debug|Any CPU
		Release|Any CPU = Release|Any CPU
	EndGlobalSection
	GlobalSection(ProjectConfigurationPlatforms) = postSolution
		{5AA0C95E-F9A3-45A3-AEDF-4BE5B148D171}.Debug|Any CPU.ActiveCfg = Debug|Any CPU
		{5AA0C95E-F9A3-45A3-AEDF-4BE5B148D171}.Debug|Any CPU.Build.0 = Debug|Any CPU
		{5AA0C95E-F9A3-45A3-AEDF-4BE5B148D171}.Release|Any CPU.ActiveCfg = Release|Any CPU
		{5AA0C95E-F9A3-45A3-AEDF-4BE5B148D171}.Release|Any CPU.Build.0 = Release|Any CPU
	EndGlobalSection
	GlobalSection(SolutionProperties) = preSolution
		HideSolutionNode = FALSE
	EndGlobalSection
	GlobalSection(ExtensibilityGlobals) = postSolution
		SolutionGuid = {0AA33ACE-A3A2-48F4-93C8-A2AB92D27D07}
	EndGlobalSection
EndGlobal
